#MicroXplorer Configuration settings - do not modify
File.Version=5
KeepUserPlacement=false
Mcu.Family=STM32F0
Mcu.IP0=NVIC
Mcu.IP1=RCC
Mcu.IPNb=2
Mcu.Name=STM32F030K6Tx
Mcu.Package=LQFP32
Mcu.Pin0=PA0
Mcu.Pin1=PA1
Mcu.Pin10=PB4
Mcu.Pin2=PA2
Mcu.Pin3=PA3
Mcu.Pin4=PA4
Mcu.Pin5=PA5
Mcu.Pin6=PA7
Mcu.Pin7=PA11
Mcu.Pin8=PA12
Mcu.Pin9=PB3
Mcu.PinsNb=11
Mcu.UserConstants=
Mcu.UserName=STM32F030K6Tx
MxCube.Version=4.11.0
MxDb.Version=DB.4.0.110
NVIC.SysTick_IRQn=true\:0\:0\:false
PA0.Locked=true
PA0.Signal=GPIO_Output
PA1.Locked=true
PA1.Signal=GPIO_Output
PA11.Locked=true
PA11.Signal=GPIO_Output
PA12.Locked=true
PA12.Signal=GPIO_Input
PA2.Locked=true
PA2.Signal=GPIO_Output
PA3.Locked=true
PA3.Signal=GPIO_Output
PA4.Locked=true
PA4.Signal=GPIO_Output
PA5.Locked=true
PA5.Signal=GPIO_Output
PA7.Locked=true
PA7.Signal=GPIO_Output
PB3.Locked=true
PB3.Signal=GPIO_Input
PB4.Locked=true
PB4.Signal=GPIO_Input
PCC.Checker=false
PCC.Line=STM32F0x0 Value Line
PCC.MCU=STM32F030K6Tx
PCC.MXVersion=4.11.0
PCC.PartNumber=STM32F030K6Tx
PCC.Seq0=0
PCC.Series=STM32F0
PCC.Temperature=25
PCC.Vdd=3.6
ProjectManager.AskForMigrate=true
ProjectManager.BackupPrevious=false
ProjectManager.CompilerOptimize=2
ProjectManager.ComputerToolchain=false
ProjectManager.CoupleFile=true
ProjectManager.DeletePrevious=true
ProjectManager.DeviceId=STM32F030K6Tx
ProjectManager.FirmwarePackage=STM32Cube FW_F0 V1.4.0
ProjectManager.FreePins=true
ProjectManager.HalAssertFull=true
ProjectManager.KeepUserCode=true
ProjectManager.LastFirmware=true
ProjectManager.LibraryCopy=0
ProjectManager.ProjectBuild=false
ProjectManager.ProjectFileName=PXL3-SMART.ioc
ProjectManager.ProjectName=PXL3-SMART
ProjectManager.TargetToolchain=EWARM
ProjectManager.ToolChainLocation=
RCC.FamilyName=M
RCC.IPParameters=FamilyName,TimSysFreq_Value,PLLCLKFreq_Value,PLLMCOFreq_Value
RCC.PLLCLKFreq_Value=8000000
RCC.PLLMCOFreq_Value=8000000
RCC.TimSysFreq_Value=8000000
board=PXL3-SMART
